// !$*UTF8*$!
{
	archiveVersion = 1;
	classes = {
	};
	objectVersion = 77;
	objects = {

/* Begin PBXBuildFile section */
		225200FE2D58B63F0008E597 /* SnapKit in Frameworks */ = {isa = PBXBuildFile; productRef = 225200FD2D58B63F0008E597 /* SnapKit */; };
		225201002D58B63F0008E597 /* SnapKit-Dynamic in Frameworks */ = {isa = PBXBuildFile; productRef = 225200FF2D58B63F0008E597 /* SnapKit-Dynamic */; };
		225201032D58B6BF0008E597 /* RxCocoa in Frameworks */ = {isa = PBXBuildFile; productRef = 225201022D58B6BF0008E597 /* RxCocoa */; };
		225201052D58B6BF0008E597 /* RxRelay in Frameworks */ = {isa = PBXBuildFile; productRef = 225201042D58B6BF0008E597 /* RxRelay */; };
		225201072D58B6BF0008E597 /* RxSwift in Frameworks */ = {isa = PBXBuildFile; productRef = 225201062D58B6BF0008E597 /* RxSwift */; };
		22C9D3172D54760E00CF21A2 /* Assets.xcassets in Resources */ = {isa = PBXBuildFile; fileRef = 22C9D30D2D54760E00CF21A2 /* Assets.xcassets */; };
		22C9D3182D54760E00CF21A2 /* LaunchScreen.storyboard in Resources */ = {isa = PBXBuildFile; fileRef = 22C9D30F2D54760E00CF21A2 /* LaunchScreen.storyboard */; };
		22C9D31A2D54760E00CF21A2 /* AppDelegate.swift in Sources */ = {isa = PBXBuildFile; fileRef = 22C9D3072D54760E00CF21A2 /* AppDelegate.swift */; };
		22C9D31B2D54760E00CF21A2 /* SceneDelegate.swift in Sources */ = {isa = PBXBuildFile; fileRef = 22C9D3082D54760E00CF21A2 /* SceneDelegate.swift */; };
		22C9D31C2D54760E00CF21A2 /* ViewController.swift in Sources */ = {isa = PBXBuildFile; fileRef = 22C9D30B2D54760E00CF21A2 /* ViewController.swift */; };
		22C9D31D2D54760E00CF21A2 /* Gliding_iOS.xcdatamodeld in Sources */ = {isa = PBXBuildFile; fileRef = 22C9D3122D54760E00CF21A2 /* Gliding_iOS.xcdatamodeld */; };
		22C9D31F2D54763000CF21A2 /* UIViewController+.swift in Sources */ = {isa = PBXBuildFile; fileRef = 22C9D31E2D54763000CF21A2 /* UIViewController+.swift */; };
		22C9D3212D547E6F00CF21A2 /* Coordinator.swift in Sources */ = {isa = PBXBuildFile; fileRef = 22C9D3202D547E6F00CF21A2 /* Coordinator.swift */; };
		22C9D3262D54BF5600CF21A2 /* AppCoordinator.swift in Sources */ = {isa = PBXBuildFile; fileRef = 22C9D3252D54BF5600CF21A2 /* AppCoordinator.swift */; };
/* End PBXBuildFile section */

/* Begin PBXFileReference section */
		22C9D2E42D5472F400CF21A2 /* Gliding-iOS.app */ = {isa = PBXFileReference; explicitFileType = wrapper.application; includeInIndex = 0; path = "Gliding-iOS.app"; sourceTree = BUILT_PRODUCTS_DIR; };
		22C9D3072D54760E00CF21A2 /* AppDelegate.swift */ = {isa = PBXFileReference; lastKnownFileType = sourcecode.swift; path = AppDelegate.swift; sourceTree = "<group>"; };
		22C9D3082D54760E00CF21A2 /* SceneDelegate.swift */ = {isa = PBXFileReference; lastKnownFileType = sourcecode.swift; path = SceneDelegate.swift; sourceTree = "<group>"; };
		22C9D30B2D54760E00CF21A2 /* ViewController.swift */ = {isa = PBXFileReference; lastKnownFileType = sourcecode.swift; path = ViewController.swift; sourceTree = "<group>"; };
		22C9D30D2D54760E00CF21A2 /* Assets.xcassets */ = {isa = PBXFileReference; lastKnownFileType = folder.assetcatalog; path = Assets.xcassets; sourceTree = "<group>"; };
		22C9D30E2D54760E00CF21A2 /* Base */ = {isa = PBXFileReference; lastKnownFileType = file.storyboard; name = Base; path = Base.lproj/LaunchScreen.storyboard; sourceTree = "<group>"; };
		22C9D3112D54760E00CF21A2 /* Gliding_iOS.entitlements */ = {isa = PBXFileReference; lastKnownFileType = text.plist.entitlements; path = Gliding_iOS.entitlements; sourceTree = "<group>"; };
		22C9D3132D54760E00CF21A2 /* Info.plist */ = {isa = PBXFileReference; lastKnownFileType = text.plist.xml; path = Info.plist; sourceTree = "<group>"; };
		22C9D3162D54760E00CF21A2 /* Gliding_iOS.xcdatamodel */ = {isa = PBXFileReference; lastKnownFileType = wrapper.xcdatamodel; path = Gliding_iOS.xcdatamodel; sourceTree = "<group>"; };
		22C9D31E2D54763000CF21A2 /* UIViewController+.swift */ = {isa = PBXFileReference; lastKnownFileType = sourcecode.swift; path = "UIViewController+.swift"; sourceTree = "<group>"; };
		22C9D3202D547E6F00CF21A2 /* Coordinator.swift */ = {isa = PBXFileReference; lastKnownFileType = sourcecode.swift; path = Coordinator.swift; sourceTree = "<group>"; };
		22C9D3252D54BF5600CF21A2 /* AppCoordinator.swift */ = {isa = PBXFileReference; lastKnownFileType = sourcecode.swift; path = AppCoordinator.swift; sourceTree = "<group>"; };
/* End PBXFileReference section */

/* Begin PBXFrameworksBuildPhase section */
		22C9D2E12D5472F400CF21A2 /* Frameworks */ = {
			isa = PBXFrameworksBuildPhase;
			buildActionMask = 2147483647;
			files = (
				225201032D58B6BF0008E597 /* RxCocoa in Frameworks */,
				225200FE2D58B63F0008E597 /* SnapKit in Frameworks */,
				225201072D58B6BF0008E597 /* RxSwift in Frameworks */,
				225201052D58B6BF0008E597 /* RxRelay in Frameworks */,
				225201002D58B63F0008E597 /* SnapKit-Dynamic in Frameworks */,
			);
			runOnlyForDeploymentPostprocessing = 0;
		};
/* End PBXFrameworksBuildPhase section */

/* Begin PBXGroup section */
		22C9D2DB2D5472F400CF21A2 = {
			isa = PBXGroup;
			children = (
				22C9D3152D54760E00CF21A2 /* Gliding-iOS */,
				22C9D2E52D5472F400CF21A2 /* Products */,
			);
			sourceTree = "<group>";
		};
		22C9D2E52D5472F400CF21A2 /* Products */ = {
			isa = PBXGroup;
			children = (
				22C9D2E42D5472F400CF21A2 /* Gliding-iOS.app */,
			);
			name = Products;
			sourceTree = "<group>";
		};
		22C9D3092D54760E00CF21A2 /* Apps */ = {
			isa = PBXGroup;
			children = (
				22C9D3072D54760E00CF21A2 /* AppDelegate.swift */,
				22C9D3082D54760E00CF21A2 /* SceneDelegate.swift */,
			);
			path = Apps;
			sourceTree = "<group>";
		};
		22C9D30A2D54760E00CF21A2 /* Extensions */ = {
			isa = PBXGroup;
			children = (
				22C9D31E2D54763000CF21A2 /* UIViewController+.swift */,
			);
			path = Extensions;
			sourceTree = "<group>";
		};
		22C9D30C2D54760E00CF21A2 /* Presentation */ = {
			isa = PBXGroup;
			children = (
				22C9D30B2D54760E00CF21A2 /* ViewController.swift */,
			);
			path = Presentation;
			sourceTree = "<group>";
		};
		22C9D3102D54760E00CF21A2 /* Resources */ = {
			isa = PBXGroup;
			children = (
				22C9D30D2D54760E00CF21A2 /* Assets.xcassets */,
				22C9D30F2D54760E00CF21A2 /* LaunchScreen.storyboard */,
			);
			path = Resources;
			sourceTree = "<group>";
		};
		22C9D3142D54760E00CF21A2 /* SupportFiles */ = {
			isa = PBXGroup;
			children = (
				22C9D3112D54760E00CF21A2 /* Gliding_iOS.entitlements */,
				22C9D3122D54760E00CF21A2 /* Gliding_iOS.xcdatamodeld */,
				22C9D3132D54760E00CF21A2 /* Info.plist */,
			);
			path = SupportFiles;
			sourceTree = "<group>";
		};
		22C9D3152D54760E00CF21A2 /* Gliding-iOS */ = {
			isa = PBXGroup;
			children = (
				22C9D3222D547EA100CF21A2 /* Coordinators */,
				22C9D3092D54760E00CF21A2 /* Apps */,
				22C9D30C2D54760E00CF21A2 /* Presentation */,
				22C9D3102D54760E00CF21A2 /* Resources */,
				22C9D3142D54760E00CF21A2 /* SupportFiles */,
				22C9D30A2D54760E00CF21A2 /* Extensions */,
			);
			path = "Gliding-iOS";
			sourceTree = "<group>";
		};
		22C9D3222D547EA100CF21A2 /* Coordinators */ = {
			isa = PBXGroup;
			children = (
				22C9D3202D547E6F00CF21A2 /* Coordinator.swift */,
				22C9D3252D54BF5600CF21A2 /* AppCoordinator.swift */,
			);
			path = Coordinators;
			sourceTree = "<group>";
		};
/* End PBXGroup section */

/* Begin PBXNativeTarget section */
		22C9D2E32D5472F400CF21A2 /* Gliding-iOS */ = {
			isa = PBXNativeTarget;
			buildConfigurationList = 22C9D2FB2D5472F600CF21A2 /* Build configuration list for PBXNativeTarget "Gliding-iOS" */;
			buildPhases = (
				22C9D2E02D5472F400CF21A2 /* Sources */,
				22C9D2E12D5472F400CF21A2 /* Frameworks */,
				22C9D2E22D5472F400CF21A2 /* Resources */,
			);
			buildRules = (
			);
			dependencies = (
			);
			name = "Gliding-iOS";
			packageProductDependencies = (
				225200FD2D58B63F0008E597 /* SnapKit */,
				225200FF2D58B63F0008E597 /* SnapKit-Dynamic */,
				225201022D58B6BF0008E597 /* RxCocoa */,
				225201042D58B6BF0008E597 /* RxRelay */,
				225201062D58B6BF0008E597 /* RxSwift */,
			);
			productName = "Gliding-iOS";
			productReference = 22C9D2E42D5472F400CF21A2 /* Gliding-iOS.app */;
			productType = "com.apple.product-type.application";
		};
/* End PBXNativeTarget section */

/* Begin PBXProject section */
		22C9D2DC2D5472F400CF21A2 /* Project object */ = {
			isa = PBXProject;
			attributes = {
				BuildIndependentTargetsInParallel = 1;
				LastSwiftUpdateCheck = 1620;
				LastUpgradeCheck = 1620;
				TargetAttributes = {
					22C9D2E32D5472F400CF21A2 = {
						CreatedOnToolsVersion = 16.2;
					};
				};
			};
			buildConfigurationList = 22C9D2DF2D5472F400CF21A2 /* Build configuration list for PBXProject "Gliding-iOS" */;
			developmentRegion = en;
			hasScannedForEncodings = 0;
			knownRegions = (
				en,
				Base,
			);
			mainGroup = 22C9D2DB2D5472F400CF21A2;
			minimizedProjectReferenceProxies = 1;
			packageReferences = (
				225200FC2D58B63F0008E597 /* XCRemoteSwiftPackageReference "SnapKit" */,
				225201012D58B6BF0008E597 /* XCRemoteSwiftPackageReference "RxSwift" */,
			);
			preferredProjectObjectVersion = 77;
			productRefGroup = 22C9D2E52D5472F400CF21A2 /* Products */;
			projectDirPath = "";
			projectRoot = "";
			targets = (
				22C9D2E32D5472F400CF21A2 /* Gliding-iOS */,
			);
		};
/* End PBXProject section */

/* Begin PBXResourcesBuildPhase section */
		22C9D2E22D5472F400CF21A2 /* Resources */ = {
			isa = PBXResourcesBuildPhase;
			buildActionMask = 2147483647;
			files = (
				22C9D3172D54760E00CF21A2 /* Assets.xcassets in Resources */,
				22C9D3182D54760E00CF21A2 /* LaunchScreen.storyboard in Resources */,
			);
			runOnlyForDeploymentPostprocessing = 0;
		};
/* End PBXResourcesBuildPhase section */

/* Begin PBXSourcesBuildPhase section */
		22C9D2E02D5472F400CF21A2 /* Sources */ = {
			isa = PBXSourcesBuildPhase;
			buildActionMask = 2147483647;
			files = (
				22C9D31A2D54760E00CF21A2 /* AppDelegate.swift in Sources */,
				22C9D31B2D54760E00CF21A2 /* SceneDelegate.swift in Sources */,
				22C9D3212D547E6F00CF21A2 /* Coordinator.swift in Sources */,
				22C9D31C2D54760E00CF21A2 /* ViewController.swift in Sources */,
				22C9D31D2D54760E00CF21A2 /* Gliding_iOS.xcdatamodeld in Sources */,
				22C9D31F2D54763000CF21A2 /* UIViewController+.swift in Sources */,
				22C9D3262D54BF5600CF21A2 /* AppCoordinator.swift in Sources */,
			);
			runOnlyForDeploymentPostprocessing = 0;
		};
/* End PBXSourcesBuildPhase section */

/* Begin PBXVariantGroup section */
		22C9D30F2D54760E00CF21A2 /* LaunchScreen.storyboard */ = {
			isa = PBXVariantGroup;
			children = (
				22C9D30E2D54760E00CF21A2 /* Base */,
			);
			name = LaunchScreen.storyboard;
			sourceTree = "<group>";
		};
/* End PBXVariantGroup section */

/* Begin XCBuildConfiguration section */
		22C9D2FC2D5472F600CF21A2 /* Debug */ = {
			isa = XCBuildConfiguration;
			buildSettings = {
				ASSETCATALOG_COMPILER_APPICON_NAME = AppIcon;
				ASSETCATALOG_COMPILER_GLOBAL_ACCENT_COLOR_NAME = AccentColor;
				CODE_SIGN_ENTITLEMENTS = "Gliding-iOS/SupportFiles/Gliding_iOS.entitlements";
				CODE_SIGN_STYLE = Automatic;
				CURRENT_PROJECT_VERSION = 1;
				DEVELOPMENT_TEAM = UUYBHY988H;
				GENERATE_INFOPLIST_FILE = YES;
				INFOPLIST_FILE = "Gliding-iOS/SupportFiles/Info.plist";
				INFOPLIST_KEY_UIApplicationSupportsIndirectInputEvents = YES;
				INFOPLIST_KEY_UILaunchStoryboardName = LaunchScreen;
				INFOPLIST_KEY_UISupportedInterfaceOrientations_iPad = "UIInterfaceOrientationPortrait UIInterfaceOrientationPortraitUpsideDown UIInterfaceOrientationLandscapeLeft UIInterfaceOrientationLandscapeRight";
				INFOPLIST_KEY_UISupportedInterfaceOrientations_iPhone = "UIInterfaceOrientationPortrait UIInterfaceOrientationLandscapeLeft UIInterfaceOrientationLandscapeRight";
				LD_RUNPATH_SEARCH_PATHS = (
					"$(inherited)",
					"@executable_path/Frameworks",
				);
				MARKETING_VERSION = 1.0;
				PRODUCT_BUNDLE_IDENTIFIER = "com.justhm.Gliding-iOS";
				PRODUCT_NAME = "$(TARGET_NAME)";
				SWIFT_EMIT_LOC_STRINGS = YES;
				SWIFT_VERSION = 5.0;
				TARGETED_DEVICE_FAMILY = "1,2";
			};
			name = Debug;
		};
		22C9D2FD2D5472F600CF21A2 /* Release */ = {
			isa = XCBuildConfiguration;
			buildSettings = {
				ASSETCATALOG_COMPILER_APPICON_NAME = AppIcon;
				ASSETCATALOG_COMPILER_GLOBAL_ACCENT_COLOR_NAME = AccentColor;
				CODE_SIGN_ENTITLEMENTS = "Gliding-iOS/SupportFiles/Gliding_iOS.entitlements";
				CODE_SIGN_STYLE = Automatic;
				CURRENT_PROJECT_VERSION = 1;
				DEVELOPMENT_TEAM = UUYBHY988H;
				GENERATE_INFOPLIST_FILE = YES;
				INFOPLIST_FILE = "Gliding-iOS/SupportFiles/Info.plist";
				INFOPLIST_KEY_UIApplicationSupportsIndirectInputEvents = YES;
				INFOPLIST_KEY_UILaunchStoryboardName = LaunchScreen;
				INFOPLIST_KEY_UISupportedInterfaceOrientations_iPad = "UIInterfaceOrientationPortrait UIInterfaceOrientationPortraitUpsideDown UIInterfaceOrientationLandscapeLeft UIInterfaceOrientationLandscapeRight";
				INFOPLIST_KEY_UISupportedInterfaceOrientations_iPhone = "UIInterfaceOrientationPortrait UIInterfaceOrientationLandscapeLeft UIInterfaceOrientationLandscapeRight";
				LD_RUNPATH_SEARCH_PATHS = (
					"$(inherited)",
					"@executable_path/Frameworks",
				);
				MARKETING_VERSION = 1.0;
				PRODUCT_BUNDLE_IDENTIFIER = "com.justhm.Gliding-iOS";
				PRODUCT_NAME = "$(TARGET_NAME)";
				SWIFT_EMIT_LOC_STRINGS = YES;
				SWIFT_VERSION = 5.0;
				TARGETED_DEVICE_FAMILY = "1,2";
			};
			name = Release;
		};
		22C9D2FE2D5472F600CF21A2 /* Debug */ = {
			isa = XCBuildConfiguration;
			buildSettings = {
				ALWAYS_SEARCH_USER_PATHS = NO;
				ASSETCATALOG_COMPILER_GENERATE_SWIFT_ASSET_SYMBOL_EXTENSIONS = YES;
				CLANG_ANALYZER_NONNULL = YES;
				CLANG_ANALYZER_NUMBER_OBJECT_CONVERSION = YES_AGGRESSIVE;
				CLANG_CXX_LANGUAGE_STANDARD = "gnu++20";
				CLANG_ENABLE_MODULES = YES;
				CLANG_ENABLE_OBJC_ARC = YES;
				CLANG_ENABLE_OBJC_WEAK = YES;
				CLANG_WARN_BLOCK_CAPTURE_AUTORELEASING = YES;
				CLANG_WARN_BOOL_CONVERSION = YES;
				CLANG_WARN_COMMA = YES;
				CLANG_WARN_CONSTANT_CONVERSION = YES;
				CLANG_WARN_DEPRECATED_OBJC_IMPLEMENTATIONS = YES;
				CLANG_WARN_DIRECT_OBJC_ISA_USAGE = YES_ERROR;
				CLANG_WARN_DOCUMENTATION_COMMENTS = YES;
				CLANG_WARN_EMPTY_BODY = YES;
				CLANG_WARN_ENUM_CONVERSION = YES;
				CLANG_WARN_INFINITE_RECURSION = YES;
				CLANG_WARN_INT_CONVERSION = YES;
				CLANG_WARN_NON_LITERAL_NULL_CONVERSION = YES;
				CLANG_WARN_OBJC_IMPLICIT_RETAIN_SELF = YES;
				CLANG_WARN_OBJC_LITERAL_CONVERSION = YES;
				CLANG_WARN_OBJC_ROOT_CLASS = YES_ERROR;
				CLANG_WARN_QUOTED_INCLUDE_IN_FRAMEWORK_HEADER = YES;
				CLANG_WARN_RANGE_LOOP_ANALYSIS = YES;
				CLANG_WARN_STRICT_PROTOTYPES = YES;
				CLANG_WARN_SUSPICIOUS_MOVE = YES;
				CLANG_WARN_UNGUARDED_AVAILABILITY = YES_AGGRESSIVE;
				CLANG_WARN_UNREACHABLE_CODE = YES;
				CLANG_WARN__DUPLICATE_METHOD_MATCH = YES;
				COPY_PHASE_STRIP = NO;
				DEBUG_INFORMATION_FORMAT = dwarf;
				ENABLE_STRICT_OBJC_MSGSEND = YES;
				ENABLE_TESTABILITY = YES;
				ENABLE_USER_SCRIPT_SANDBOXING = YES;
				GCC_C_LANGUAGE_STANDARD = gnu17;
				GCC_DYNAMIC_NO_PIC = NO;
				GCC_NO_COMMON_BLOCKS = YES;
				GCC_OPTIMIZATION_LEVEL = 0;
				GCC_PREPROCESSOR_DEFINITIONS = (
					"DEBUG=1",
					"$(inherited)",
				);
				GCC_WARN_64_TO_32_BIT_CONVERSION = YES;
				GCC_WARN_ABOUT_RETURN_TYPE = YES_ERROR;
				GCC_WARN_UNDECLARED_SELECTOR = YES;
				GCC_WARN_UNINITIALIZED_AUTOS = YES_AGGRESSIVE;
				GCC_WARN_UNUSED_FUNCTION = YES;
				GCC_WARN_UNUSED_VARIABLE = YES;
				IPHONEOS_DEPLOYMENT_TARGET = 18.2;
				LOCALIZATION_PREFERS_STRING_CATALOGS = YES;
				MTL_ENABLE_DEBUG_INFO = INCLUDE_SOURCE;
				MTL_FAST_MATH = YES;
				ONLY_ACTIVE_ARCH = YES;
				SDKROOT = iphoneos;
				SWIFT_ACTIVE_COMPILATION_CONDITIONS = "DEBUG $(inherited)";
				SWIFT_OPTIMIZATION_LEVEL = "-Onone";
			};
			name = Debug;
		};
		22C9D2FF2D5472F600CF21A2 /* Release */ = {
			isa = XCBuildConfiguration;
			buildSettings = {
				ALWAYS_SEARCH_USER_PATHS = NO;
				ASSETCATALOG_COMPILER_GENERATE_SWIFT_ASSET_SYMBOL_EXTENSIONS = YES;
				CLANG_ANALYZER_NONNULL = YES;
				CLANG_ANALYZER_NUMBER_OBJECT_CONVERSION = YES_AGGRESSIVE;
				CLANG_CXX_LANGUAGE_STANDARD = "gnu++20";
				CLANG_ENABLE_MODULES = YES;
				CLANG_ENABLE_OBJC_ARC = YES;
				CLANG_ENABLE_OBJC_WEAK = YES;
				CLANG_WARN_BLOCK_CAPTURE_AUTORELEASING = YES;
				CLANG_WARN_BOOL_CONVERSION = YES;
				CLANG_WARN_COMMA = YES;
				CLANG_WARN_CONSTANT_CONVERSION = YES;
				CLANG_WARN_DEPRECATED_OBJC_IMPLEMENTATIONS = YES;
				CLANG_WARN_DIRECT_OBJC_ISA_USAGE = YES_ERROR;
				CLANG_WARN_DOCUMENTATION_COMMENTS = YES;
				CLANG_WARN_EMPTY_BODY = YES;
				CLANG_WARN_ENUM_CONVERSION = YES;
				CLANG_WARN_INFINITE_RECURSION = YES;
				CLANG_WARN_INT_CONVERSION = YES;
				CLANG_WARN_NON_LITERAL_NULL_CONVERSION = YES;
				CLANG_WARN_OBJC_IMPLICIT_RETAIN_SELF = YES;
				CLANG_WARN_OBJC_LITERAL_CONVERSION = YES;
				CLANG_WARN_OBJC_ROOT_CLASS = YES_ERROR;
				CLANG_WARN_QUOTED_INCLUDE_IN_FRAMEWORK_HEADER = YES;
				CLANG_WARN_RANGE_LOOP_ANALYSIS = YES;
				CLANG_WARN_STRICT_PROTOTYPES = YES;
				CLANG_WARN_SUSPICIOUS_MOVE = YES;
				CLANG_WARN_UNGUARDED_AVAILABILITY = YES_AGGRESSIVE;
				CLANG_WARN_UNREACHABLE_CODE = YES;
				CLANG_WARN__DUPLICATE_METHOD_MATCH = YES;
				COPY_PHASE_STRIP = NO;
				DEBUG_INFORMATION_FORMAT = "dwarf-with-dsym";
				ENABLE_NS_ASSERTIONS = NO;
				ENABLE_STRICT_OBJC_MSGSEND = YES;
				ENABLE_USER_SCRIPT_SANDBOXING = YES;
				GCC_C_LANGUAGE_STANDARD = gnu17;
				GCC_NO_COMMON_BLOCKS = YES;
				GCC_WARN_64_TO_32_BIT_CONVERSION = YES;
				GCC_WARN_ABOUT_RETURN_TYPE = YES_ERROR;
				GCC_WARN_UNDECLARED_SELECTOR = YES;
				GCC_WARN_UNINITIALIZED_AUTOS = YES_AGGRESSIVE;
				GCC_WARN_UNUSED_FUNCTION = YES;
				GCC_WARN_UNUSED_VARIABLE = YES;
				IPHONEOS_DEPLOYMENT_TARGET = 18.2;
				LOCALIZATION_PREFERS_STRING_CATALOGS = YES;
				MTL_ENABLE_DEBUG_INFO = NO;
				MTL_FAST_MATH = YES;
				SDKROOT = iphoneos;
				SWIFT_COMPILATION_MODE = wholemodule;
				VALIDATE_PRODUCT = YES;
			};
			name = Release;
		};
/* End XCBuildConfiguration section */

/* Begin XCConfigurationList section */
		22C9D2DF2D5472F400CF21A2 /* Build configuration list for PBXProject "Gliding-iOS" */ = {
			isa = XCConfigurationList;
			buildConfigurations = (
				22C9D2FE2D5472F600CF21A2 /* Debug */,
				22C9D2FF2D5472F600CF21A2 /* Release */,
			);
			defaultConfigurationIsVisible = 0;
			defaultConfigurationName = Release;
		};
		22C9D2FB2D5472F600CF21A2 /* Build configuration list for PBXNativeTarget "Gliding-iOS" */ = {
			isa = XCConfigurationList;
			buildConfigurations = (
				22C9D2FC2D5472F600CF21A2 /* Debug */,
				22C9D2FD2D5472F600CF21A2 /* Release */,
			);
			defaultConfigurationIsVisible = 0;
			defaultConfigurationName = Release;
		};
/* End XCConfigurationList section */

/* Begin XCRemoteSwiftPackageReference section */
		225200FC2D58B63F0008E597 /* XCRemoteSwiftPackageReference "SnapKit" */ = {
			isa = XCRemoteSwiftPackageReference;
			repositoryURL = "https://github.com/SnapKit/SnapKit";
			requirement = {
				kind = upToNextMajorVersion;
				minimumVersion = 5.7.1;
			};
		};
		225201012D58B6BF0008E597 /* XCRemoteSwiftPackageReference "RxSwift" */ = {
			isa = XCRemoteSwiftPackageReference;
			repositoryURL = "https://github.com/ReactiveX/RxSwift";
			requirement = {
				kind = upToNextMajorVersion;
				minimumVersion = 6.8.0;
			};
		};
/* End XCRemoteSwiftPackageReference section */

/* Begin XCSwiftPackageProductDependency section */
		225200FD2D58B63F0008E597 /* SnapKit */ = {
			isa = XCSwiftPackageProductDependency;
			package = 225200FC2D58B63F0008E597 /* XCRemoteSwiftPackageReference "SnapKit" */;
			productName = SnapKit;
		};
		225200FF2D58B63F0008E597 /* SnapKit-Dynamic */ = {
			isa = XCSwiftPackageProductDependency;
			package = 225200FC2D58B63F0008E597 /* XCRemoteSwiftPackageReference "SnapKit" */;
			productName = "SnapKit-Dynamic";
		};
		225201022D58B6BF0008E597 /* RxCocoa */ = {
			isa = XCSwiftPackageProductDependency;
			package = 225201012D58B6BF0008E597 /* XCRemoteSwiftPackageReference "RxSwift" */;
			productName = RxCocoa;
		};
		225201042D58B6BF0008E597 /* RxRelay */ = {
			isa = XCSwiftPackageProductDependency;
			package = 225201012D58B6BF0008E597 /* XCRemoteSwiftPackageReference "RxSwift" */;
			productName = RxRelay;
		};
		225201062D58B6BF0008E597 /* RxSwift */ = {
			isa = XCSwiftPackageProductDependency;
			package = 225201012D58B6BF0008E597 /* XCRemoteSwiftPackageReference "RxSwift" */;
			productName = RxSwift;
		};
/* End XCSwiftPackageProductDependency section */

/* Begin XCVersionGroup section */
		22C9D3122D54760E00CF21A2 /* Gliding_iOS.xcdatamodeld */ = {
			isa = XCVersionGroup;
			children = (
				22C9D3162D54760E00CF21A2 /* Gliding_iOS.xcdatamodel */,
			);
			currentVersion = 22C9D3162D54760E00CF21A2 /* Gliding_iOS.xcdatamodel */;
			path = Gliding_iOS.xcdatamodeld;
			sourceTree = "<group>";
			versionGroupType = wrapper.xcdatamodel;
		};
/* End XCVersionGroup section */
	};
	rootObject = 22C9D2DC2D5472F400CF21A2 /* Project object */;
}
